
Microsoft Visual Studio Solution File, Format Version 12.00
# Visual Studio 14
VisualStudioVersion = 14.0.25420.1
MinimumVisualStudioVersion = 10.0.40219.1
Project("{FAE04EC0-301F-11D3-BF4B-00C04F79EFBC}") = "AdministratorNegotiating", "AdministratorNegotiating\AdministratorNegotiating.csproj", "{05DBA170-E30C-4CDB-BAB4-75433237BFAC}"
EndProject
Project("{FAE04EC0-301F-11D3-BF4B-00C04F79EFBC}") = "AdministratorNegotiating.Tests", "AdministratorNegotiating.Tests\AdministratorNegotiating.Tests.csproj", "{049E7936-FE99-430D-8360-454B988F38DE}"
EndProject
Global
	GlobalSection(SolutionConfigurationPlatforms) = preSolution
		Debug|Any CPU = Debug|Any CPU
		Release|Any CPU = Release|Any CPU
	EndGlobalSection
	GlobalSection(ProjectConfigurationPlatforms) = postSolution
		{05DBA170-E30C-4CDB-BAB4-75433237BFAC}.Debug|Any CPU.ActiveCfg = Debug|Any CPU
		{05DBA170-E30C-4CDB-BAB4-75433237BFAC}.Debug|Any CPU.Build.0 = Debug|Any CPU
		{05DBA170-E30C-4CDB-BAB4-75433237BFAC}.Release|Any CPU.ActiveCfg = Release|Any CPU
		{05DBA170-E30C-4CDB-BAB4-75433237BFAC}.Release|Any CPU.Build.0 = Release|Any CPU
		{049E7936-FE99-430D-8360-454B988F38DE}.Debug|Any CPU.ActiveCfg = Debug|Any CPU
		{049E7936-FE99-430D-8360-454B988F38DE}.Debug|Any CPU.Build.0 = Debug|Any CPU
		{049E7936-FE99-430D-8360-454B988F38DE}.Release|Any CPU.ActiveCfg = Release|Any CPU
		{049E7936-FE99-430D-8360-454B988F38DE}.Release|Any CPU.Build.0 = Release|Any CPU
	EndGlobalSection
	GlobalSection(SolutionProperties) = preSolution
		HideSolutionNode = FALSE
	EndGlobalSection
EndGlobal
